
Microsoft Visual Studio Solution File, Format Version 12.00
# Visual Studio Version 17
VisualStudioVersion = 17.0.31903.59
MinimumVisualStudioVersion = 10.0.40219.1
Project("{9A19103F-16F7-4668-BE54-9A1E7A4F7556}") = "Domain", "Domain\Domain.csproj", "{31041A69-5C42-4876-AD52-D4E2F23D1FC1}"
EndProject
Project("{9A19103F-16F7-4668-BE54-9A1E7A4F7556}") = "Infrastructure", "Infrastructure\Infrastructure.csproj", "{1A739E5B-CC18-455B-84EB-765161B1D73A}"
EndProject
Project("{9A19103F-16F7-4668-BE54-9A1E7A4F7556}") = "Application", "Application\Application.csproj", "{85B5C123-03E3-4ABE-AE47-B6E5E0D236AB}"
EndProject
Project("{9A19103F-16F7-4668-BE54-9A1E7A4F7556}") = "CleanArchitectureWorkshop.Presentation.Api", "Presentation.Api\CleanArchitectureWorkshop.Presentation.Api.csproj", "{A0FC28A9-766B-40A7-8FAD-CDDCC799EFE8}"
EndProject
Global
	GlobalSection(SolutionConfigurationPlatforms) = preSolution
		Debug|Any CPU = Debug|Any CPU
		Release|Any CPU = Release|Any CPU
	EndGlobalSection
	GlobalSection(ProjectConfigurationPlatforms) = postSolution
		{31041A69-5C42-4876-AD52-D4E2F23D1FC1}.Debug|Any CPU.ActiveCfg = Debug|Any CPU
		{31041A69-5C42-4876-AD52-D4E2F23D1FC1}.Debug|Any CPU.Build.0 = Debug|Any CPU
		{31041A69-5C42-4876-AD52-D4E2F23D1FC1}.Release|Any CPU.ActiveCfg = Release|Any CPU
		{31041A69-5C42-4876-AD52-D4E2F23D1FC1}.Release|Any CPU.Build.0 = Release|Any CPU
		{1A739E5B-CC18-455B-84EB-765161B1D73A}.Debug|Any CPU.ActiveCfg = Debug|Any CPU
		{1A739E5B-CC18-455B-84EB-765161B1D73A}.Debug|Any CPU.Build.0 = Debug|Any CPU
		{1A739E5B-CC18-455B-84EB-765161B1D73A}.Release|Any CPU.ActiveCfg = Release|Any CPU
		{1A739E5B-CC18-455B-84EB-765161B1D73A}.Release|Any CPU.Build.0 = Release|Any CPU
		{85B5C123-03E3-4ABE-AE47-B6E5E0D236AB}.Debug|Any CPU.ActiveCfg = Debug|Any CPU
		{85B5C123-03E3-4ABE-AE47-B6E5E0D236AB}.Debug|Any CPU.Build.0 = Debug|Any CPU
		{85B5C123-03E3-4ABE-AE47-B6E5E0D236AB}.Release|Any CPU.ActiveCfg = Release|Any CPU
		{85B5C123-03E3-4ABE-AE47-B6E5E0D236AB}.Release|Any CPU.Build.0 = Release|Any CPU
		{A0FC28A9-766B-40A7-8FAD-CDDCC799EFE8}.Debug|Any CPU.ActiveCfg = Debug|Any CPU
		{A0FC28A9-766B-40A7-8FAD-CDDCC799EFE8}.Debug|Any CPU.Build.0 = Debug|Any CPU
		{A0FC28A9-766B-40A7-8FAD-CDDCC799EFE8}.Release|Any CPU.ActiveCfg = Release|Any CPU
		{A0FC28A9-766B-40A7-8FAD-CDDCC799EFE8}.Release|Any CPU.Build.0 = Release|Any CPU
	EndGlobalSection
	GlobalSection(SolutionProperties) = preSolution
		HideSolutionNode = FALSE
	EndGlobalSection
EndGlobal
